
Microsoft Visual Studio Solution File, Format Version 12.00
# Visual Studio Version 18
VisualStudioVersion = 18.5.11619.145
MinimumVisualStudioVersion = 10.0.40219.1
Project("{FAE04EC0-301F-11D3-BF4B-00C04F79EFBC}") = "MemoraWPF", "MemoraWPF.csproj", "{B31656D7-96F6-806D-452F-0417D51CA086}"
EndProject
Project("{2150E333-8FDC-42A3-9474-1A3956D46DE8}") = "Memora.WPF", "Memora.WPF", "{FF3274C1-666D-4ABA-AB17-D6781E3DF848}"
EndProject
Global
	GlobalSection(SolutionConfigurationPlatforms) = preSolution
		Debug|Any CPU = Debug|Any CPU
		Release|Any CPU = Release|Any CPU
	EndGlobalSection
	GlobalSection(ProjectConfigurationPlatforms) = postSolution
		{B31656D7-96F6-806D-452F-0417D51CA086}.Debug|Any CPU.ActiveCfg = Debug|Any CPU
		{B31656D7-96F6-806D-452F-0417D51CA086}.Debug|Any CPU.Build.0 = Debug|Any CPU
		{B31656D7-96F6-806D-452F-0417D51CA086}.Release|Any CPU.ActiveCfg = Release|Any CPU
		{B31656D7-96F6-806D-452F-0417D51CA086}.Release|Any CPU.Build.0 = Release|Any CPU
	EndGlobalSection
	GlobalSection(SolutionProperties) = preSolution
		HideSolutionNode = FALSE
	EndGlobalSection
	GlobalSection(NestedProjects) = preSolution
		{B31656D7-96F6-806D-452F-0417D51CA086} = {FF3274C1-666D-4ABA-AB17-D6781E3DF848}
	EndGlobalSection
	GlobalSection(ExtensibilityGlobals) = postSolution
		SolutionGuid = {BB7DC88C-0E0E-4946-99CE-CC1075D50817}
	EndGlobalSection
EndGlobal
